
Microsoft Visual Studio Solution File, Format Version 12.00
# Visual Studio 14
VisualStudioVersion = 14.0.25420.1
MinimumVisualStudioVersion = 10.0.40219.1
Project("{FAE04EC0-301F-11D3-BF4B-00C04F79EFBC}") = "FairyGUI", "FairyGUI\FairyGUI.csproj", "{C92C51E8-F9FB-44DA-B890-A04769169B9D}"
EndProject
Global
	GlobalSection(SolutionConfigurationPlatforms) = preSolution
		CompatibilityMode|Any CPU = CompatibilityMode|Any CPU
		Debug|Any CPU = Debug|Any CPU
		Release|Any CPU = Release|Any CPU
	EndGlobalSection
	GlobalSection(ProjectConfigurationPlatforms) = postSolution
		{C92C51E8-F9FB-44DA-B890-A04769169B9D}.CompatibilityMode|Any CPU.ActiveCfg = Release|Any CPU
		{C92C51E8-F9FB-44DA-B890-A04769169B9D}.CompatibilityMode|Any CPU.Build.0 = Release|Any CPU
		{C92C51E8-F9FB-44DA-B890-A04769169B9D}.Debug|Any CPU.ActiveCfg = Debug|Any CPU
		{C92C51E8-F9FB-44DA-B890-A04769169B9D}.Debug|Any CPU.Build.0 = Debug|Any CPU
		{C92C51E8-F9FB-44DA-B890-A04769169B9D}.Release|Any CPU.ActiveCfg = Release|Any CPU
		{C92C51E8-F9FB-44DA-B890-A04769169B9D}.Release|Any CPU.Build.0 = Release|Any CPU
	EndGlobalSection
	GlobalSection(SolutionProperties) = preSolution
		HideSolutionNode = FALSE
	EndGlobalSection
EndGlobal
